
Microsoft Visual Studio Solution File, Format Version 12.00
# Visual Studio 15
VisualStudioVersion = 15.0.28307.489
MinimumVisualStudioVersion = 10.0.40219.1
Project("{FAE04EC0-301F-11D3-BF4B-00C04F79EFBC}") = "AI_P1", "AI_P1\AI_P1.csproj", "{441F90D7-9A04-41A4-8A84-6EB86C9F7FCF}"
EndProject
Global
	GlobalSection(SolutionConfigurationPlatforms) = preSolution
		Debug|Any CPU = Debug|Any CPU
		Release|Any CPU = Release|Any CPU
	EndGlobalSection
	GlobalSection(ProjectConfigurationPlatforms) = postSolution
		{441F90D7-9A04-41A4-8A84-6EB86C9F7FCF}.Debug|Any CPU.ActiveCfg = Debug|Any CPU
		{441F90D7-9A04-41A4-8A84-6EB86C9F7FCF}.Debug|Any CPU.Build.0 = Debug|Any CPU
		{441F90D7-9A04-41A4-8A84-6EB86C9F7FCF}.Release|Any CPU.ActiveCfg = Release|Any CPU
		{441F90D7-9A04-41A4-8A84-6EB86C9F7FCF}.Release|Any CPU.Build.0 = Release|Any CPU
	EndGlobalSection
	GlobalSection(SolutionProperties) = preSolution
		HideSolutionNode = FALSE
	EndGlobalSection
	GlobalSection(ExtensibilityGlobals) = postSolution
		SolutionGuid = {0B71F95B-A11F-4783-9F1F-1F790163A461}
	EndGlobalSection
EndGlobal
